
Microsoft Visual Studio Solution File, Format Version 12.00
# Visual Studio Version 16
VisualStudioVersion = 16.0.31205.134
MinimumVisualStudioVersion = 10.0.40219.1
Project("{FAE04EC0-301F-11D3-BF4B-00C04F79EFBC}") = "ArtsofteEmployee", "ArtsofteEmployee\ArtsofteEmployee.csproj", "{1F41E309-22B9-4D7F-97A6-B4A2022D5FCC}"
EndProject
Global
	GlobalSection(SolutionConfigurationPlatforms) = preSolution
		Debug|Any CPU = Debug|Any CPU
		Release|Any CPU = Release|Any CPU
	EndGlobalSection
	GlobalSection(ProjectConfigurationPlatforms) = postSolution
		{1F41E309-22B9-4D7F-97A6-B4A2022D5FCC}.Debug|Any CPU.ActiveCfg = Debug|Any CPU
		{1F41E309-22B9-4D7F-97A6-B4A2022D5FCC}.Debug|Any CPU.Build.0 = Debug|Any CPU
		{1F41E309-22B9-4D7F-97A6-B4A2022D5FCC}.Release|Any CPU.ActiveCfg = Release|Any CPU
		{1F41E309-22B9-4D7F-97A6-B4A2022D5FCC}.Release|Any CPU.Build.0 = Release|Any CPU
	EndGlobalSection
	GlobalSection(SolutionProperties) = preSolution
		HideSolutionNode = FALSE
	EndGlobalSection
	GlobalSection(ExtensibilityGlobals) = postSolution
		SolutionGuid = {EC0E070F-E7A6-46AD-B9E3-1478B3AF4A03}
	EndGlobalSection
EndGlobal
